
Microsoft Visual Studio Solution File, Format Version 12.00
# Visual Studio Version 17
VisualStudioVersion = 17.12.35707.178
MinimumVisualStudioVersion = 10.0.40219.1
Project("{FAE04EC0-301F-11D3-BF4B-00C04F79EFBC}") = "00-sub", "00-sub\00-sub.csproj", "{8C027166-013A-4171-A859-C475CEE25922}"
EndProject
Project("{FAE04EC0-301F-11D3-BF4B-00C04F79EFBC}") = "01-format", "01-format\01-format.csproj", "{A41D6ADB-14BD-4411-8141-C5C89D174796}"
EndProject
Project("{FAE04EC0-301F-11D3-BF4B-00C04F79EFBC}") = "02-txn-parser", "02-txn-parser\02-txn-parser.csproj", "{F143EA57-2239-4C73-A20C-3628522C8B27}"
EndProject
Global
	GlobalSection(SolutionConfigurationPlatforms) = preSolution
		Debug|Any CPU = Debug|Any CPU
		Release|Any CPU = Release|Any CPU
	EndGlobalSection
	GlobalSection(ProjectConfigurationPlatforms) = postSolution
		{8C027166-013A-4171-A859-C475CEE25922}.Debug|Any CPU.ActiveCfg = Debug|Any CPU
		{8C027166-013A-4171-A859-C475CEE25922}.Debug|Any CPU.Build.0 = Debug|Any CPU
		{8C027166-013A-4171-A859-C475CEE25922}.Release|Any CPU.ActiveCfg = Release|Any CPU
		{8C027166-013A-4171-A859-C475CEE25922}.Release|Any CPU.Build.0 = Release|Any CPU
		{A41D6ADB-14BD-4411-8141-C5C89D174796}.Debug|Any CPU.ActiveCfg = Debug|Any CPU
		{A41D6ADB-14BD-4411-8141-C5C89D174796}.Debug|Any CPU.Build.0 = Debug|Any CPU
		{A41D6ADB-14BD-4411-8141-C5C89D174796}.Release|Any CPU.ActiveCfg = Release|Any CPU
		{A41D6ADB-14BD-4411-8141-C5C89D174796}.Release|Any CPU.Build.0 = Release|Any CPU
		{F143EA57-2239-4C73-A20C-3628522C8B27}.Debug|Any CPU.ActiveCfg = Debug|Any CPU
		{F143EA57-2239-4C73-A20C-3628522C8B27}.Debug|Any CPU.Build.0 = Debug|Any CPU
		{F143EA57-2239-4C73-A20C-3628522C8B27}.Release|Any CPU.ActiveCfg = Release|Any CPU
		{F143EA57-2239-4C73-A20C-3628522C8B27}.Release|Any CPU.Build.0 = Release|Any CPU
	EndGlobalSection
	GlobalSection(SolutionProperties) = preSolution
		HideSolutionNode = FALSE
	EndGlobalSection
EndGlobal
